{
  "lockfile_version": "1",
  "packages": {
    "gcc@15.2.0": {
      "last_modified": "2025-10-07T08:41:47Z",
      "resolved": "github:NixOS/nixpkgs/bce5fe2bb998488d8e7e7856315f90496723793c#gcc15",
      "source": "devbox-search",
      "version": "15.2.0",
      "systems": {
        "aarch64-darwin": {
          "outputs": [
            {
              "name": "out",
              "path": "/nix/store/cc4iq0sa1nv4nz0800kz8kzlak7gf8y7-gcc-wrapper-15.2.0",
              "default": true
            },
            {
              "name": "man",
              "path": "/nix/store/kr49hbv3mxzjrmh22fw4s9bdxh0n31hi-gcc-wrapper-15.2.0-man",
              "default": true
            },
            {
              "name": "info",
              "path": "/nix/store/7mgz6kqy46yxlmmyiab8mcbls612kxwm-gcc-wrapper-15.2.0-info"
            }
          ],
          "store_path": "/nix/store/cc4iq0sa1nv4nz0800kz8kzlak7gf8y7-gcc-wrapper-15.2.0"
        },
        "aarch64-linux": {
          "outputs": [
            {
              "name": "out",
              "path": "/nix/store/7qjaz55ph916j93zahsgk923xk5qq98k-gcc-wrapper-15.2.0",
              "default": true
            },
            {
              "name": "man",
              "path": "/nix/store/ykvdndq5bx8xnr458nl5lbp168b1v5pg-gcc-wrapper-15.2.0-man",
              "default": true
            },
            {
              "name": "info",
              "path": "/nix/store/m0fhx07l90jig2jn2m9n1z0cf7n18zgs-gcc-wrapper-15.2.0-info"
            }
          ],
          "store_path": "/nix/store/7qjaz55ph916j93zahsgk923xk5qq98k-gcc-wrapper-15.2.0"
        },
        "x86_64-darwin": {
          "outputs": [
            {
              "name": "out",
              "path": "/nix/store/ammjkphxn7xnrrixgg757q89i9d7qj09-gcc-wrapper-15.2.0",
              "default": true
            },
            {
              "name": "man",
              "path": "/nix/store/cdjkw0srxm74mfd6kk64nnqjx8zcchi7-gcc-wrapper-15.2.0-man",
              "default": true
            },
            {
              "name": "info",
              "path": "/nix/store/7qs8kvj942n6f0i059jsa73n0rz2i10i-gcc-wrapper-15.2.0-info"
            }
          ],
          "store_path": "/nix/store/ammjkphxn7xnrrixgg757q89i9d7qj09-gcc-wrapper-15.2.0"
        },
        "x86_64-linux": {
          "outputs": [
            {
              "name": "out",
              "path": "/nix/store/nxiy2ygm0wsrydwfqmdj05h3iqyac6d3-gcc-wrapper-15.2.0",
              "default": true
            },
            {
              "name": "man",
              "path": "/nix/store/ybhdda2yff0nzghm59rxssj0rqrjipyi-gcc-wrapper-15.2.0-man",
              "default": true
            },
            {
              "name": "info",
              "path": "/nix/store/ab4461r1r9k8yl22iiif4w6mi746zr7n-gcc-wrapper-15.2.0-info"
            }
          ],
          "store_path": "/nix/store/nxiy2ygm0wsrydwfqmdj05h3iqyac6d3-gcc-wrapper-15.2.0"
        }
      }
    },
    "gh@2.81.0": {
      "last_modified": "2025-10-07T08:41:47Z",
      "resolved": "github:NixOS/nixpkgs/bce5fe2bb998488d8e7e7856315f90496723793c#gh",
      "source": "devbox-search",
      "version": "2.81.0",
      "systems": {
        "aarch64-darwin": {
          "outputs": [
            {
              "name": "out",
              "path": "/nix/store/cfpld80dq2mnajnnzph7spxbdsza5nz4-gh-2.81.0",
              "default": true
            }
          ],
          "store_path": "/nix/store/cfpld80dq2mnajnnzph7spxbdsza5nz4-gh-2.81.0"
        },
        "aarch64-linux": {
          "outputs": [
            {
              "name": "out",
              "path": "/nix/store/i81xks3b1yypfxjxxzyrnpjlw9nc3kzl-gh-2.81.0",
              "default": true
            }
          ],
          "store_path": "/nix/store/i81xks3b1yypfxjxxzyrnpjlw9nc3kzl-gh-2.81.0"
        },
        "x86_64-darwin": {
          "outputs": [
            {
              "name": "out",
              "path": "/nix/store/r4yfkvig0nkxbps962s5p6dzg3b2l87y-gh-2.81.0",
              "default": true
            }
          ],
          "store_path": "/nix/store/r4yfkvig0nkxbps962s5p6dzg3b2l87y-gh-2.81.0"
        },
        "x86_64-linux": {
          "outputs": [
            {
              "name": "out",
              "path": "/nix/store/x4gwqxx6w677dvk2g7cprsq7i35yp0si-gh-2.81.0",
              "default": true
            }
          ],
          "store_path": "/nix/store/x4gwqxx6w677dvk2g7cprsq7i35yp0si-gh-2.81.0"
        }
      }
    },
    "github:NixOS/nixpkgs/nixpkgs-unstable": {
      "last_modified": "2025-10-27T19:50:41Z",
      "resolved": "github:NixOS/nixpkgs/1666250dbe4141e4ca8aaf89b40a3a51c2e36144?lastModified=1761594641&narHash=sha256-sImk6SJQASDLQo8l%2B0zWWaBgg7TueLS6lTvdH5pBZpo%3D"
    },
    "hcloud@1.54.0": {
      "last_modified": "2025-10-08T01:30:28Z",
      "resolved": "github:NixOS/nixpkgs/8b5c9dd8856f0c0cf46cc91f2c21c106a9d42e25#hcloud",
      "source": "devbox-search",
      "version": "1.54.0",
      "systems": {
        "aarch64-darwin": {
          "outputs": [
            {
              "name": "out",
              "path": "/nix/store/anm68wmpx32b8d42bqmwsj7zvvwqim9s-hcloud-1.54.0",
              "default": true
            }
          ],
          "store_path": "/nix/store/anm68wmpx32b8d42bqmwsj7zvvwqim9s-hcloud-1.54.0"
        },
        "aarch64-linux": {
          "outputs": [
            {
              "name": "out",
              "path": "/nix/store/5brnc65m4aly0hahrvcyf4j1lp4il8cb-hcloud-1.54.0",
              "default": true
            }
          ],
          "store_path": "/nix/store/5brnc65m4aly0hahrvcyf4j1lp4il8cb-hcloud-1.54.0"
        },
        "x86_64-darwin": {
          "outputs": [
            {
              "name": "out",
              "path": "/nix/store/adcyg0cprw0y7za1nzb2b82xwnvdwyg9-hcloud-1.54.0",
              "default": true
            }
          ],
          "store_path": "/nix/store/adcyg0cprw0y7za1nzb2b82xwnvdwyg9-hcloud-1.54.0"
        },
        "x86_64-linux": {
          "outputs": [
            {
              "name": "out",
              "path": "/nix/store/skdk0qlcrbim79xid59ayzvmn1mqkkiz-hcloud-1.54.0",
              "default": true
            }
          ],
          "store_path": "/nix/store/skdk0qlcrbim79xid59ayzvmn1mqkkiz-hcloud-1.54.0"
        }
      }
    },
    "jq@1.8.1": {
      "last_modified": "2025-10-13T09:56:54Z",
      "resolved": "github:NixOS/nixpkgs/c12c63cd6c5eb34c7b4c3076c6a99e00fcab86ec#jq",
      "source": "devbox-search",
      "version": "1.8.1",
      "systems": {
        "aarch64-darwin": {
          "outputs": [
            {
              "name": "bin",
              "path": "/nix/store/cvw7i7807zffz5pn6sjncyp1wkwbgxzm-jq-1.8.1-bin",
              "default": true
            },
            {
              "name": "man",
              "path": "/nix/store/v97vjz6sgnah1i85s9vvjb2cxjah4vyd-jq-1.8.1-man",
              "default": true
            },
            {
              "name": "dev",
              "path": "/nix/store/bsi7cf9lk3i4zyv7s0i2hpgy4ifgqvdy-jq-1.8.1-dev"
            },
            {
              "name": "doc",
              "path": "/nix/store/jp8v5mjg55vxcjqzcc3g4csl5hdym0c8-jq-1.8.1-doc"
            },
            {
              "name": "out",
              "path": "/nix/store/j1wzyw1jrlg7kvbxrizvsn0s03zywgka-jq-1.8.1"
            }
          ],
          "store_path": "/nix/store/cvw7i7807zffz5pn6sjncyp1wkwbgxzm-jq-1.8.1-bin"
        },
        "aarch64-linux": {
          "outputs": [
            {
              "name": "bin",
              "path": "/nix/store/p9fcj9s7x82v83sdknjrg40jkl4rvn18-jq-1.8.1-bin",
              "default": true
            },
            {
              "name": "man",
              "path": "/nix/store/5asinq45hb2rdaqxsm35sxq568z19i7v-jq-1.8.1-man",
              "default": true
            },
            {
              "name": "dev",
              "path": "/nix/store/m49lxha1r6qyylhkbvkg53kky6bffqp1-jq-1.8.1-dev"
            },
            {
              "name": "doc",
              "path": "/nix/store/14yqvw1kq0mbsnjnza1malqxr40plzq2-jq-1.8.1-doc"
            },
            {
              "name": "out",
              "path": "/nix/store/hv5xwipvr0lyhgii8w532250a6zl29s6-jq-1.8.1"
            }
          ],
          "store_path": "/nix/store/p9fcj9s7x82v83sdknjrg40jkl4rvn18-jq-1.8.1-bin"
        },
        "x86_64-darwin": {
          "outputs": [
            {
              "name": "bin",
              "path": "/nix/store/5w2pssdswkc41rsvn5mklfs2v07nl609-jq-1.8.1-bin",
              "default": true
            },
            {
              "name": "man",
              "path": "/nix/store/xnafw5gzwy0aycpqc3vmldjm1p2qjqh0-jq-1.8.1-man",
              "default": true
            },
            {
              "name": "dev",
              "path": "/nix/store/ni5787yy9q4gqgrd5s20pl3kswb1m580-jq-1.8.1-dev"
            },
            {
              "name": "doc",
              "path": "/nix/store/wfxzfhazy5q9b5azir5kaxf6d8l1axir-jq-1.8.1-doc"
            },
            {
              "name": "out",
              "path": "/nix/store/cwyjwb25xy3kj2r873rm5g8rkd5l68r1-jq-1.8.1"
            }
          ],
          "store_path": "/nix/store/5w2pssdswkc41rsvn5mklfs2v07nl609-jq-1.8.1-bin"
        },
        "x86_64-linux": {
          "outputs": [
            {
              "name": "bin",
              "path": "/nix/store/6y8c4kikq5nka2qnza009j03bvkx2l5l-jq-1.8.1-bin",
              "default": true
            },
            {
              "name": "man",
              "path": "/nix/store/gkl03xki3msw3dylzji7gkiwnxmk3pdp-jq-1.8.1-man",
              "default": true
            },
            {
              "name": "dev",
              "path": "/nix/store/356jlk3akii9kwkb4hmh5xx2mkrb6nqi-jq-1.8.1-dev"
            },
            {
              "name": "doc",
              "path": "/nix/store/fm9ffa3r4l8i5gl24xj8cm0ggys8sz7j-jq-1.8.1-doc"
            },
            {
              "name": "out",
              "path": "/nix/store/brz9jqz43dpvb0ia8idhjlxpccplldpq-jq-1.8.1"
            }
          ],
          "store_path": "/nix/store/6y8c4kikq5nka2qnza009j03bvkx2l5l-jq-1.8.1-bin"
        }
      }
    },
    "libcap@2.76": {
      "last_modified": "2025-10-13T09:56:54Z",
      "resolved": "github:NixOS/nixpkgs/c12c63cd6c5eb34c7b4c3076c6a99e00fcab86ec#libcap",
      "source": "devbox-search",
      "version": "2.76",
      "systems": {
        "aarch64-linux": {
          "outputs": [
            {
              "name": "out",
              "path": "/nix/store/7nh4691vs4s93vdzmgcb0qh9ijsxsr94-libcap-2.76",
              "default": true
            },
            {
              "name": "man",
              "path": "/nix/store/mb0n8jfdphs2x8d97gp0z0k5bjx6l0zg-libcap-2.76-man",
              "default": true
            },
            {
              "name": "dev",
              "path": "/nix/store/51jxzxw5jv6a0gd068rql05kch76iyfs-libcap-2.76-dev"
            },
            {
              "name": "doc",
              "path": "/nix/store/n8c443gvxw7l3ggp0jldb32wcps57wd7-libcap-2.76-doc"
            },
            {
              "name": "lib",
              "path": "/nix/store/vyyb6b7ikn0233ch0j206w4i9rynpj80-libcap-2.76-lib"
            },
            {
              "name": "pam",
              "path": "/nix/store/wcbzqmyvjr0pgnm9z7a866whbbmpw66y-libcap-2.76-pam"
            }
          ],
          "store_path": "/nix/store/7nh4691vs4s93vdzmgcb0qh9ijsxsr94-libcap-2.76"
        },
        "x86_64-linux": {
          "outputs": [
            {
              "name": "out",
              "path": "/nix/store/0sz8r91x8r2lkjqwqxcb5hgqg17p5ls2-libcap-2.76",
              "default": true
            },
            {
              "name": "man",
              "path": "/nix/store/rdxpgdk66pawj7c40wyafk7ai2j3nwry-libcap-2.76-man",
              "default": true
            },
            {
              "name": "doc",
              "path": "/nix/store/p15shscam5msaskc97vbl5mcxm5br0rh-libcap-2.76-doc"
            },
            {
              "name": "lib",
              "path": "/nix/store/xrssw3cy0nfxn2932cxc9d716bzkbm27-libcap-2.76-lib"
            },
            {
              "name": "pam",
              "path": "/nix/store/9w156lz7mc9321mzb9mgvpjs8sy3xrsi-libcap-2.76-pam"
            },
            {
              "name": "dev",
              "path": "/nix/store/df7hcl26hxx20adkm63c2s44800whm2c-libcap-2.76-dev"
            }
          ],
          "store_path": "/nix/store/0sz8r91x8r2lkjqwqxcb5hgqg17p5ls2-libcap-2.76"
        }
      }
    },
    "nodejs@24.10.0": {
      "last_modified": "2025-10-13T09:56:54Z",
      "plugin_version": "0.0.2",
      "resolved": "github:NixOS/nixpkgs/c12c63cd6c5eb34c7b4c3076c6a99e00fcab86ec#nodejs_24",
      "source": "devbox-search",
      "version": "24.10.0",
      "systems": {
        "aarch64-darwin": {
          "outputs": [
            {
              "name": "out",
              "path": "/nix/store/355hbbr8bfhyij7vkqczbjmgqa9dbrsh-nodejs-24.10.0",
              "default": true
            },
            {
              "name": "dev",
              "path": "/nix/store/pfnl3nqxa7agrd4rw52z52pspss7nvbi-nodejs-24.10.0-dev"
            },
            {
              "name": "libv8",
              "path": "/nix/store/ch0ss8jqxs4dda64786ap78s3vrfi3kz-nodejs-24.10.0-libv8"
            }
          ],
          "store_path": "/nix/store/355hbbr8bfhyij7vkqczbjmgqa9dbrsh-nodejs-24.10.0"
        },
        "aarch64-linux": {
          "outputs": [
            {
              "name": "out",
              "path": "/nix/store/ybfap4y7drm5nbx358cj238ba87gp8bk-nodejs-24.10.0",
              "default": true
            },
            {
              "name": "dev",
              "path": "/nix/store/zdwjsr9hcb8ydkgwvljnm1rcbfg3336k-nodejs-24.10.0-dev"
            },
            {
              "name": "libv8",
              "path": "/nix/store/lmcnw7gwb71bfy15qb87b1cphsxvj5jp-nodejs-24.10.0-libv8"
            }
          ],
          "store_path": "/nix/store/ybfap4y7drm5nbx358cj238ba87gp8bk-nodejs-24.10.0"
        },
        "x86_64-darwin": {
          "outputs": [
            {
              "name": "out",
              "path": "/nix/store/bgh57m6c4k348hd4wyb367xwkljq42ky-nodejs-24.10.0",
              "default": true
            },
            {
              "name": "dev",
              "path": "/nix/store/747r79izxv4jm0h1zn2qdyc7hbz06ckz-nodejs-24.10.0-dev"
            },
            {
              "name": "libv8",
              "path": "/nix/store/2zb0z0qhzb29jlksjpc2vz0sk9icln1p-nodejs-24.10.0-libv8"
            }
          ],
          "store_path": "/nix/store/bgh57m6c4k348hd4wyb367xwkljq42ky-nodejs-24.10.0"
        },
        "x86_64-linux": {
          "outputs": [
            {
              "name": "out",
              "path": "/nix/store/p2sk3402d788hqn5diy5gba8cskjffzz-nodejs-24.10.0",
              "default": true
            },
            {
              "name": "dev",
              "path": "/nix/store/fn613shrdw5k5d5is7h8rs3dmi9xrh37-nodejs-24.10.0-dev"
            },
            {
              "name": "libv8",
              "path": "/nix/store/y9km82y1yqw1r7ld0xcifpj9zfzfy0q3-nodejs-24.10.0-libv8"
            }
          ],
          "store_path": "/nix/store/p2sk3402d788hqn5diy5gba8cskjffzz-nodejs-24.10.0"
        }
      }
    },
    "pnpm@10.18.2": {
      "last_modified": "2025-10-10T13:35:32Z",
      "resolved": "github:NixOS/nixpkgs/870493f9a8cb0b074ae5b411b2f232015db19a65#pnpm",
      "source": "devbox-search",
      "version": "10.18.2",
      "systems": {
        "aarch64-darwin": {
          "outputs": [
            {
              "name": "out",
              "path": "/nix/store/1a1h3bn5wfyc8r8xllzfibri2wh7npnw-pnpm-10.18.2",
              "default": true
            }
          ],
          "store_path": "/nix/store/1a1h3bn5wfyc8r8xllzfibri2wh7npnw-pnpm-10.18.2"
        },
        "aarch64-linux": {
          "outputs": [
            {
              "name": "out",
              "path": "/nix/store/6mg938xvsavdcf0792imsfnzx0i0wic1-pnpm-10.18.2",
              "default": true
            }
          ],
          "store_path": "/nix/store/6mg938xvsavdcf0792imsfnzx0i0wic1-pnpm-10.18.2"
        },
        "x86_64-darwin": {
          "outputs": [
            {
              "name": "out",
              "path": "/nix/store/l46bk2n002bfd2giqiibizczihnxw771-pnpm-10.18.2",
              "default": true
            }
          ],
          "store_path": "/nix/store/l46bk2n002bfd2giqiibizczihnxw771-pnpm-10.18.2"
        },
        "x86_64-linux": {
          "outputs": [
            {
              "name": "out",
              "path": "/nix/store/n5j11an7wlcr98k8mc9h1kz4bm3jqrag-pnpm-10.18.2",
              "default": true
            }
          ],
          "store_path": "/nix/store/n5j11an7wlcr98k8mc9h1kz4bm3jqrag-pnpm-10.18.2"
        }
      }
    },
    "stow@2.4.1": {
      "last_modified": "2025-10-07T08:41:47Z",
      "resolved": "github:NixOS/nixpkgs/bce5fe2bb998488d8e7e7856315f90496723793c#stow",
      "source": "devbox-search",
      "version": "2.4.1",
      "systems": {
        "aarch64-darwin": {
          "outputs": [
            {
              "name": "out",
              "path": "/nix/store/7h86mda6bz3wfmcvjcmwy38p7kz9caf6-stow-2.4.1",
              "default": true
            }
          ],
          "store_path": "/nix/store/7h86mda6bz3wfmcvjcmwy38p7kz9caf6-stow-2.4.1"
        },
        "aarch64-linux": {
          "outputs": [
            {
              "name": "out",
              "path": "/nix/store/x19kvhdnbl8rs5vx1xhnfxyy6a5alcr7-stow-2.4.1",
              "default": true
            }
          ],
          "store_path": "/nix/store/x19kvhdnbl8rs5vx1xhnfxyy6a5alcr7-stow-2.4.1"
        },
        "x86_64-darwin": {
          "outputs": [
            {
              "name": "out",
              "path": "/nix/store/zxwmdjbp1nplqpp0iy55c227nwslnb05-stow-2.4.1",
              "default": true
            }
          ],
          "store_path": "/nix/store/zxwmdjbp1nplqpp0iy55c227nwslnb05-stow-2.4.1"
        },
        "x86_64-linux": {
          "outputs": [
            {
              "name": "out",
              "path": "/nix/store/0f72zlqsg6b9lz88xk5xl12sskydg86x-stow-2.4.1",
              "default": true
            }
          ],
          "store_path": "/nix/store/0f72zlqsg6b9lz88xk5xl12sskydg86x-stow-2.4.1"
        }
      }
    },
    "tealdeer@1.8.0": {
      "last_modified": "2025-10-10T13:35:32Z",
      "resolved": "github:NixOS/nixpkgs/870493f9a8cb0b074ae5b411b2f232015db19a65#tealdeer",
      "source": "devbox-search",
      "version": "1.8.0",
      "systems": {
        "aarch64-darwin": {
          "outputs": [
            {
              "name": "out",
              "path": "/nix/store/ijvmfiyx2cgb5ynj4c9qa0fjwaysx2lf-tealdeer-1.8.0",
              "default": true
            }
          ],
          "store_path": "/nix/store/ijvmfiyx2cgb5ynj4c9qa0fjwaysx2lf-tealdeer-1.8.0"
        },
        "aarch64-linux": {
          "outputs": [
            {
              "name": "out",
              "path": "/nix/store/688c0dl7vkxmxjfxa13yzplmp36a0df7-tealdeer-1.8.0",
              "default": true
            }
          ],
          "store_path": "/nix/store/688c0dl7vkxmxjfxa13yzplmp36a0df7-tealdeer-1.8.0"
        },
        "x86_64-darwin": {
          "outputs": [
            {
              "name": "out",
              "path": "/nix/store/yp30s07fl65x34gb9daz24ahfgg54yj3-tealdeer-1.8.0",
              "default": true
            }
          ],
          "store_path": "/nix/store/yp30s07fl65x34gb9daz24ahfgg54yj3-tealdeer-1.8.0"
        },
        "x86_64-linux": {
          "outputs": [
            {
              "name": "out",
              "path": "/nix/store/w4a0fwc1b2jrfpk6i1vgh82c9rdl1z55-tealdeer-1.8.0",
              "default": true
            }
          ],
          "store_path": "/nix/store/w4a0fwc1b2jrfpk6i1vgh82c9rdl1z55-tealdeer-1.8.0"
        }
      }
    },
    "yq-go@4.48.1": {
      "last_modified": "2025-10-12T08:13:11Z",
      "resolved": "github:NixOS/nixpkgs/832e3b6db48508ae436c2c7bfc0cf914eac6938e#yq-go",
      "source": "devbox-search",
      "version": "4.48.1",
      "systems": {
        "aarch64-darwin": {
          "outputs": [
            {
              "name": "out",
              "path": "/nix/store/cis6x044wpmg1xkdzbw4ba7j4x4nkwlz-yq-go-4.48.1",
              "default": true
            }
          ],
          "store_path": "/nix/store/cis6x044wpmg1xkdzbw4ba7j4x4nkwlz-yq-go-4.48.1"
        },
        "aarch64-linux": {
          "outputs": [
            {
              "name": "out",
              "path": "/nix/store/r7jrra6ssppk23659xrrn4zxvmkawdna-yq-go-4.48.1",
              "default": true
            }
          ],
          "store_path": "/nix/store/r7jrra6ssppk23659xrrn4zxvmkawdna-yq-go-4.48.1"
        },
        "x86_64-darwin": {
          "outputs": [
            {
              "name": "out",
              "path": "/nix/store/nqa74cz3q0y980gd2pymfgbdmacgck1a-yq-go-4.48.1",
              "default": true
            }
          ],
          "store_path": "/nix/store/nqa74cz3q0y980gd2pymfgbdmacgck1a-yq-go-4.48.1"
        },
        "x86_64-linux": {
          "outputs": [
            {
              "name": "out",
              "path": "/nix/store/xgkiq4mfp02pfpf5jlqm0cwp1g3njxw4-yq-go-4.48.1",
              "default": true
            }
          ],
          "store_path": "/nix/store/xgkiq4mfp02pfpf5jlqm0cwp1g3njxw4-yq-go-4.48.1"
        }
      }
    }
  }
}
