{
  "lockfile_version": "1",
  "packages": {
    "gcc": {
      "resolved": "github:NixOS/nixpkgs/75a52265bda7fd25e06e3a67dee3f0354e73243c#gcc",
      "source": "nixpkg",
      "systems": {
        "x86_64-linux": {
          "outputs": [
            {
              "name": "man",
              "path": "/nix/store/6750h72a9gms96jvcfbafvpdqgmylqfz-gcc-wrapper-12.3.0-man",
              "default": true
            },
            {
              "path": "/nix/store/zlzz2z48s7ry0hkl55xiqp5a73b4mzrg-gcc-wrapper-12.3.0",
              "default": true
            }
          ]
        }
      }
    },
    "gh@2.54.0": {
      "last_modified": "2024-08-14T11:41:26Z",
      "resolved": "github:NixOS/nixpkgs/0cb2fd7c59fed0cd82ef858cbcbdb552b9a33465#gh",
      "source": "devbox-search",
      "version": "2.54.0",
      "systems": {
        "aarch64-darwin": {
          "outputs": [
            {
              "name": "out",
              "path": "/nix/store/wmkd0pp6fnkfqjk64rsz5518a2ybcdsn-gh-2.54.0",
              "default": true
            }
          ],
          "store_path": "/nix/store/wmkd0pp6fnkfqjk64rsz5518a2ybcdsn-gh-2.54.0"
        },
        "aarch64-linux": {
          "outputs": [
            {
              "name": "out",
              "path": "/nix/store/g729a6rh5zw3jci1wdfsb8g28wpf38s6-gh-2.54.0",
              "default": true
            }
          ],
          "store_path": "/nix/store/g729a6rh5zw3jci1wdfsb8g28wpf38s6-gh-2.54.0"
        },
        "x86_64-darwin": {
          "outputs": [
            {
              "name": "out",
              "path": "/nix/store/hal6zqxr7whsp66wcmvhjj4kqi8sw2dv-gh-2.54.0",
              "default": true
            }
          ],
          "store_path": "/nix/store/hal6zqxr7whsp66wcmvhjj4kqi8sw2dv-gh-2.54.0"
        },
        "x86_64-linux": {
          "outputs": [
            {
              "name": "out",
              "path": "/nix/store/3l3v80r6my8f21w15mi8anw5w8g725q9-gh-2.54.0",
              "default": true
            }
          ],
          "store_path": "/nix/store/3l3v80r6my8f21w15mi8anw5w8g725q9-gh-2.54.0"
        }
      }
    },
    "github:NixOS/nixpkgs/nixpkgs-unstable": {
      "resolved": "github:NixOS/nixpkgs/5954d3359cc7178623da6c7fd23dc7f7504d7187?lastModified=1740762151&narHash=sha256-Rn0j0gP6po1m46RsW%2F4jrn7938TZGR%2BwRZ0%2BMSZThBg%3D"
    },
    "gum@0.14.3": {
      "last_modified": "2024-08-14T11:41:26Z",
      "resolved": "github:NixOS/nixpkgs/0cb2fd7c59fed0cd82ef858cbcbdb552b9a33465#gum",
      "source": "devbox-search",
      "version": "0.14.3",
      "systems": {
        "aarch64-darwin": {
          "outputs": [
            {
              "name": "out",
              "path": "/nix/store/rkf4cn71s3pd82b6rfn2q0nb8vl4h4qv-gum-0.14.3",
              "default": true
            }
          ],
          "store_path": "/nix/store/rkf4cn71s3pd82b6rfn2q0nb8vl4h4qv-gum-0.14.3"
        },
        "aarch64-linux": {
          "outputs": [
            {
              "name": "out",
              "path": "/nix/store/5mx01pjljxp7xynjgjvygbxs4czq0k61-gum-0.14.3",
              "default": true
            }
          ],
          "store_path": "/nix/store/5mx01pjljxp7xynjgjvygbxs4czq0k61-gum-0.14.3"
        },
        "x86_64-darwin": {
          "outputs": [
            {
              "name": "out",
              "path": "/nix/store/fb76npdcm5v2iw2ksgdwpj04c48d26rz-gum-0.14.3",
              "default": true
            }
          ],
          "store_path": "/nix/store/fb76npdcm5v2iw2ksgdwpj04c48d26rz-gum-0.14.3"
        },
        "x86_64-linux": {
          "outputs": [
            {
              "name": "out",
              "path": "/nix/store/6abhjsvq4z61y1v16l2y9fbcd6kdwc6w-gum-0.14.3",
              "default": true
            }
          ],
          "store_path": "/nix/store/6abhjsvq4z61y1v16l2y9fbcd6kdwc6w-gum-0.14.3"
        }
      }
    },
    "hcloud@1.46.0": {
      "last_modified": "2024-08-14T11:41:26Z",
      "resolved": "github:NixOS/nixpkgs/0cb2fd7c59fed0cd82ef858cbcbdb552b9a33465#hcloud",
      "source": "devbox-search",
      "version": "1.46.0",
      "systems": {
        "aarch64-darwin": {
          "outputs": [
            {
              "name": "out",
              "path": "/nix/store/885hak6qihkjw71wa0indk4gi271hhda-hcloud-1.46.0",
              "default": true
            }
          ],
          "store_path": "/nix/store/885hak6qihkjw71wa0indk4gi271hhda-hcloud-1.46.0"
        },
        "aarch64-linux": {
          "outputs": [
            {
              "name": "out",
              "path": "/nix/store/iq8m2rwm7hv0kgdrnph07lp3vj46acpi-hcloud-1.46.0",
              "default": true
            }
          ],
          "store_path": "/nix/store/iq8m2rwm7hv0kgdrnph07lp3vj46acpi-hcloud-1.46.0"
        },
        "x86_64-darwin": {
          "outputs": [
            {
              "name": "out",
              "path": "/nix/store/kbk8njdshfss8p6x89c2k1y8zb47qpg7-hcloud-1.46.0",
              "default": true
            }
          ],
          "store_path": "/nix/store/kbk8njdshfss8p6x89c2k1y8zb47qpg7-hcloud-1.46.0"
        },
        "x86_64-linux": {
          "outputs": [
            {
              "name": "out",
              "path": "/nix/store/kw5hgkf76gx9v7nvywskb0haq9n5szq6-hcloud-1.46.0",
              "default": true
            }
          ],
          "store_path": "/nix/store/kw5hgkf76gx9v7nvywskb0haq9n5szq6-hcloud-1.46.0"
        }
      }
    },
    "jq@1.7.1": {
      "last_modified": "2025-02-24T19:15:38Z",
      "resolved": "github:NixOS/nixpkgs/39d921ecb8fc4028eb43d9a87bdeef55ff86fa9b#jq",
      "source": "devbox-search",
      "version": "1.7.1",
      "systems": {
        "aarch64-darwin": {
          "outputs": [
            {
              "name": "bin",
              "path": "/nix/store/h67qb8yrnfja706ch9f2yfq1i0bz4mn1-jq-1.7.1-bin",
              "default": true
            },
            {
              "name": "man",
              "path": "/nix/store/dq242j6q44xlqlp7y6fjg7bmpd82m6li-jq-1.7.1-man",
              "default": true
            },
            {
              "name": "dev",
              "path": "/nix/store/v8anx27z4ib0gf7p1bh27j2g8zl37npb-jq-1.7.1-dev"
            },
            {
              "name": "doc",
              "path": "/nix/store/6pnnni79b8018j88i2ynn1630qlwaphp-jq-1.7.1-doc"
            },
            {
              "name": "out",
              "path": "/nix/store/p73la466zw37g7z5d2qy3zz9mamf3gsv-jq-1.7.1"
            }
          ],
          "store_path": "/nix/store/h67qb8yrnfja706ch9f2yfq1i0bz4mn1-jq-1.7.1-bin"
        },
        "aarch64-linux": {
          "outputs": [
            {
              "name": "bin",
              "path": "/nix/store/iqyxj9kb5g5w347svfwskiyahrplwxgb-jq-1.7.1-bin",
              "default": true
            },
            {
              "name": "man",
              "path": "/nix/store/ikr9p51fkdc932kmbmnq4wji81cyaw7m-jq-1.7.1-man",
              "default": true
            },
            {
              "name": "dev",
              "path": "/nix/store/a3n8r9jn9g78yhb8xamgml3vlsv4qc3w-jq-1.7.1-dev"
            },
            {
              "name": "doc",
              "path": "/nix/store/z96h0lbll50v9m5fly0mvrqxibiv07gj-jq-1.7.1-doc"
            },
            {
              "name": "out",
              "path": "/nix/store/lnzkzs9zlpap9vizx5ds11a2kkpcfm5a-jq-1.7.1"
            }
          ],
          "store_path": "/nix/store/iqyxj9kb5g5w347svfwskiyahrplwxgb-jq-1.7.1-bin"
        },
        "x86_64-darwin": {
          "outputs": [
            {
              "name": "bin",
              "path": "/nix/store/kvdl82szh102c3bmqfcymfhhdgmmpiqw-jq-1.7.1-bin",
              "default": true
            },
            {
              "name": "man",
              "path": "/nix/store/66hkk82yqg7dnjx8dj32kxhp4mna06ry-jq-1.7.1-man",
              "default": true
            },
            {
              "name": "dev",
              "path": "/nix/store/bpdizbcr45r3m1k75sxcmdbqi8i2khmd-jq-1.7.1-dev"
            },
            {
              "name": "doc",
              "path": "/nix/store/yh6klqhz2sxa8y3yfsxy828mhbkcdy34-jq-1.7.1-doc"
            },
            {
              "name": "out",
              "path": "/nix/store/q3cn39yz907p3h8ndqf9ljcakh2pzsrv-jq-1.7.1"
            }
          ],
          "store_path": "/nix/store/kvdl82szh102c3bmqfcymfhhdgmmpiqw-jq-1.7.1-bin"
        },
        "x86_64-linux": {
          "outputs": [
            {
              "name": "bin",
              "path": "/nix/store/xqh11ih3h2y85sgjjighlskp2llhswmz-jq-1.7.1-bin",
              "default": true
            },
            {
              "name": "man",
              "path": "/nix/store/v14f5in0m2yx4561dbs2mbplsgi0hx26-jq-1.7.1-man",
              "default": true
            },
            {
              "name": "out",
              "path": "/nix/store/75lxfnxl0wsifkqs6pb7rdmanrdd6qjp-jq-1.7.1"
            },
            {
              "name": "dev",
              "path": "/nix/store/bsa64w792v82bx2nanmygc4fg690f4a0-jq-1.7.1-dev"
            },
            {
              "name": "doc",
              "path": "/nix/store/gskl3sys6n7r8rg768smngn1n52w09ag-jq-1.7.1-doc"
            }
          ],
          "store_path": "/nix/store/xqh11ih3h2y85sgjjighlskp2llhswmz-jq-1.7.1-bin"
        }
      }
    },
    "libcap": {
      "resolved": "github:NixOS/nixpkgs/75a52265bda7fd25e06e3a67dee3f0354e73243c#libcap",
      "source": "nixpkg",
      "systems": {
        "x86_64-linux": {
          "outputs": [
            {
              "name": "man",
              "path": "/nix/store/fh52lpr7mdi7pj0fdrajy4gbmvkgj4vd-libcap-2.69-man",
              "default": true
            },
            {
              "path": "/nix/store/a11bl4ns5wd4wkhlhi56rlv6ddjdm9zy-libcap-2.69",
              "default": true
            }
          ]
        }
      }
    },
    "mise@2025.2.7": {
      "last_modified": "2025-02-23T09:42:26Z",
      "resolved": "github:NixOS/nixpkgs/2d068ae5c6516b2d04562de50a58c682540de9bf#mise",
      "source": "devbox-search",
      "version": "2025.2.7",
      "systems": {
        "aarch64-darwin": {
          "outputs": [
            {
              "name": "out",
              "path": "/nix/store/l686l70js39ia6zq92nqva44f0pkykr6-mise-2025.2.7",
              "default": true
            }
          ],
          "store_path": "/nix/store/l686l70js39ia6zq92nqva44f0pkykr6-mise-2025.2.7"
        },
        "aarch64-linux": {
          "outputs": [
            {
              "name": "out",
              "path": "/nix/store/rlm7lrqyphv0337zmls8r2mjs2bay9x0-mise-2025.2.7",
              "default": true
            }
          ],
          "store_path": "/nix/store/rlm7lrqyphv0337zmls8r2mjs2bay9x0-mise-2025.2.7"
        },
        "x86_64-darwin": {
          "outputs": [
            {
              "name": "out",
              "path": "/nix/store/6wflpnb7vr5g4ymxarnsqygz9g1nabjd-mise-2025.2.7",
              "default": true
            }
          ],
          "store_path": "/nix/store/6wflpnb7vr5g4ymxarnsqygz9g1nabjd-mise-2025.2.7"
        },
        "x86_64-linux": {
          "outputs": [
            {
              "name": "out",
              "path": "/nix/store/m5annpx8bb5m3m5xfbrjq7qz4kpscc09-mise-2025.2.7",
              "default": true
            }
          ],
          "store_path": "/nix/store/m5annpx8bb5m3m5xfbrjq7qz4kpscc09-mise-2025.2.7"
        }
      }
    },
    "stow@2.4.0": {
      "last_modified": "2024-10-13T23:44:06Z",
      "resolved": "github:NixOS/nixpkgs/d4f247e89f6e10120f911e2e2d2254a050d0f732#stow",
      "source": "devbox-search",
      "version": "2.4.0",
      "systems": {
        "aarch64-darwin": {
          "outputs": [
            {
              "name": "out",
              "path": "/nix/store/lcql7s3jfb4laqpnvmm07sk59i5lcv7r-stow-2.4.0",
              "default": true
            }
          ],
          "store_path": "/nix/store/lcql7s3jfb4laqpnvmm07sk59i5lcv7r-stow-2.4.0"
        },
        "aarch64-linux": {
          "outputs": [
            {
              "name": "out",
              "path": "/nix/store/dinqdf6018i3r56ljri829nb5gd8k85b-stow-2.4.0",
              "default": true
            }
          ],
          "store_path": "/nix/store/dinqdf6018i3r56ljri829nb5gd8k85b-stow-2.4.0"
        },
        "x86_64-darwin": {
          "outputs": [
            {
              "name": "out",
              "path": "/nix/store/r1cm7yppm6ljypvvfhwvj5q09pmfy0kh-stow-2.4.0",
              "default": true
            }
          ],
          "store_path": "/nix/store/r1cm7yppm6ljypvvfhwvj5q09pmfy0kh-stow-2.4.0"
        },
        "x86_64-linux": {
          "outputs": [
            {
              "name": "out",
              "path": "/nix/store/fs2wj1q90gdpf74hyybc5dywb2807z1z-stow-2.4.0",
              "default": true
            }
          ],
          "store_path": "/nix/store/fs2wj1q90gdpf74hyybc5dywb2807z1z-stow-2.4.0"
        }
      }
    },
    "tealdeer@1.6.1": {
      "last_modified": "2024-09-10T15:01:03Z",
      "resolved": "github:NixOS/nixpkgs/5ed627539ac84809c78b2dd6d26a5cebeb5ae269#tealdeer",
      "source": "devbox-search",
      "version": "1.6.1",
      "systems": {
        "aarch64-darwin": {
          "outputs": [
            {
              "name": "out",
              "path": "/nix/store/w8w692c11achhc32d3pxpa4rrv0rjzlp-tealdeer-1.6.1",
              "default": true
            }
          ],
          "store_path": "/nix/store/w8w692c11achhc32d3pxpa4rrv0rjzlp-tealdeer-1.6.1"
        },
        "aarch64-linux": {
          "outputs": [
            {
              "name": "out",
              "path": "/nix/store/w6vic51sm40afci5giwk8w5gd4aapp8g-tealdeer-1.6.1",
              "default": true
            }
          ],
          "store_path": "/nix/store/w6vic51sm40afci5giwk8w5gd4aapp8g-tealdeer-1.6.1"
        },
        "x86_64-darwin": {
          "outputs": [
            {
              "name": "out",
              "path": "/nix/store/xij3r55pb8qkrnyx9qcj68mz2nqmq6np-tealdeer-1.6.1",
              "default": true
            }
          ],
          "store_path": "/nix/store/xij3r55pb8qkrnyx9qcj68mz2nqmq6np-tealdeer-1.6.1"
        },
        "x86_64-linux": {
          "outputs": [
            {
              "name": "out",
              "path": "/nix/store/vi3wddsp2i7c5hyfyx9pr9lcw8mssxvh-tealdeer-1.6.1",
              "default": true
            }
          ],
          "store_path": "/nix/store/vi3wddsp2i7c5hyfyx9pr9lcw8mssxvh-tealdeer-1.6.1"
        }
      }
    },
    "yq-go@4.44.2": {
      "last_modified": "2024-07-31T08:48:38Z",
      "resolved": "github:NixOS/nixpkgs/c3392ad349a5227f4a3464dce87bcc5046692fce#yq-go",
      "source": "devbox-search",
      "version": "4.44.2",
      "systems": {
        "aarch64-darwin": {
          "outputs": [
            {
              "name": "out",
              "path": "/nix/store/pg184xj1w33l77ldjqdgmp4lm7w1lrqw-yq-go-4.44.2",
              "default": true
            }
          ],
          "store_path": "/nix/store/pg184xj1w33l77ldjqdgmp4lm7w1lrqw-yq-go-4.44.2"
        },
        "aarch64-linux": {
          "outputs": [
            {
              "name": "out",
              "path": "/nix/store/67y6qbz2yfhzg0zyk5gqjpj2w0ikk8bs-yq-go-4.44.2",
              "default": true
            }
          ],
          "store_path": "/nix/store/67y6qbz2yfhzg0zyk5gqjpj2w0ikk8bs-yq-go-4.44.2"
        },
        "x86_64-darwin": {
          "outputs": [
            {
              "name": "out",
              "path": "/nix/store/6s1pxmck5vfqsjwiq3xfrk22sh8s34cs-yq-go-4.44.2",
              "default": true
            }
          ],
          "store_path": "/nix/store/6s1pxmck5vfqsjwiq3xfrk22sh8s34cs-yq-go-4.44.2"
        },
        "x86_64-linux": {
          "outputs": [
            {
              "name": "out",
              "path": "/nix/store/r70imihhswfkw0j5dgk08qlhk2di7s22-yq-go-4.44.2",
              "default": true
            }
          ],
          "store_path": "/nix/store/r70imihhswfkw0j5dgk08qlhk2di7s22-yq-go-4.44.2"
        }
      }
    }
  }
}
